# Generated by Aziky. Do not edit.
lock-version = 1
root = "package_app@0.1.0"
manifest-checksum = "sha256:b525034483ab6f1a1733241d2353126008b0d1935cfd2b94ba2bbe066ad5684b"
root-features = ["default"]
root-dependencies = ["base=base@1.0.0", "flavor=flavor@1.0.0", "math=math@1.0.0"]

[[package]]
name = "base"
version = "1.0.0"
checksum = "sha256:1ee3320b0dea206900dfd0d1677c9115d9745b22adeb91fc5a0b3cb4b2250402"
features = ["default"]
dependencies = []

[[package]]
name = "flavor"
version = "1.0.0"
checksum = "sha256:bc96a89aefc1f436781fa7a98fde157a1bf8b0c5862bab65be35449c7b928f80"
features = ["default"]
dependencies = []

[[package]]
name = "math"
version = "1.0.0"
checksum = "sha256:2e8685b3113f117473a31b347d01d2e087182f8aec4e68f21ddd3f552cc0eef5"
features = ["default"]
dependencies = ["base=base@1.0.0"]
